{
  "name": "mobx_test",
  "version": "1.0.0",
  "lockfileVersion": 1,
  "requires": true,
  "dependencies": {
    "mobx": {
      "version": "6.1.5",
      "resolved": "https://registry.npmjs.org/mobx/-/mobx-6.1.5.tgz",
      "integrity": "sha512-BsVAHEk/Ty+6BmCis0CUvA7E9u5aJpUkdRM91YwBt4lVha4heDLjRT43z2pqENeFuVZPfA1RRaf7sRcqRB2i4Q=="
    }
  }
}
